lockfileVersion: '9.0'

settings:
  autoInstallPeers: true
  excludeLinksFromLockfile: false

importers:

  .:
    devDependencies:
      love-typescript-definitions:
        specifier: ^11.5.0
        version: 11.5.0
      typescript:
        specifier: 5.6.2
        version: 5.6.2
      typescript-to-lua:
        specifier: ^1.27.0
        version: 1.27.0(typescript@5.6.2)

packages:

  '@typescript-to-lua/language-extensions@1.19.0':
    resolution: {integrity: sha512-Os5wOKwviTD4LeqI29N0btYOjokSJ97iCf45EOjIABlb5IwNQy7AE/AqZJobRw3ywHH8+KzJUMkEirWPzh2tUA==}

  enhanced-resolve@5.17.1:
    resolution: {integrity: sha512-LMHl3dXhTcfv8gM4kEzIUeTQ+7fpdA0l2tUf34BddXPkz2A5xJ5L/Pchd5BL6rdccM9QGvu0sWZzK1Z1t4wwyg==}
    engines: {node: '>=10.13.0'}

  function-bind@1.1.2:
    resolution: {integrity: sha512-7XHNxH7qX9xG5mIwxkhumTox/MIRNcOgDrxWsMt2pAr23WHp6MrRlN7FBSFpCpr+oVO0F744iUgR82nJMfG2SA==}

  graceful-fs@4.2.11:
    resolution: {integrity: sha512-RbJ5/jmFcNNCcDV5o9eTnBLJ/HszWV0P73bc+Ff4nS/rJj+YaS6IGyiOL0VoBYX+l1Wrl3k63h/KrH+nhJ0XvQ==}

  hasown@2.0.2:
    resolution: {integrity: sha512-0hJU9SCPvmMzIBdZFqNPXWa6dqh7WdH0cII9y+CyS8rG3nL48Bclra9HmKhVVUHyPWNH5Y7xDwAB7bfgSjkUMQ==}
    engines: {node: '>= 0.4'}

  is-core-module@2.15.1:
    resolution: {integrity: sha512-z0vtXSwucUJtANQWldhbtbt7BnL0vxiFjIdDLAatwhDYty2bad6s+rijD6Ri4YuYJubLzIJLUidCh09e1djEVQ==}
    engines: {node: '>= 0.4'}

  love-typescript-definitions@11.5.0:
    resolution: {integrity: sha512-eoWptNL0aTDhtW9ylZo+qxMoY1byvjw/rGdt8hTL9b4ugyHRKuKE4BLW8yKhc/h0hdy0xQlR8kQVEnaFV5w4MQ==}

  path-parse@1.0.7:
    resolution: {integrity: sha512-LDJzPVEEEPR+y48z93A0Ed0yXb8pAByGWo/k5YYdYgpY2/2EsOsksJrq7lOHxryrVOn1ejG6oAp8ahvOIQD8sw==}

  picomatch@2.3.1:
    resolution: {integrity: sha512-JU3teHTNjmE2VCGFzuY8EXzCDVwEqB2a8fsIvwaStHhAWJEeVd1o1QD80CU6+ZdEXXSLbSsuLwJjkCBWqRQUVA==}
    engines: {node: '>=8.6'}

  resolve@1.22.8:
    resolution: {integrity: sha512-oKWePCxqpd6FlLvGV1VU0x7bkPmmCNolxzjMf4NczoDnQcIWrAF+cPtZn5i6n+RfD2d9i0tzpKnG6Yk168yIyw==}
    hasBin: true

  source-map@0.7.4:
    resolution: {integrity: sha512-l3BikUxvPOcn5E74dZiq5BGsTb5yEwhaTSzccU6t4sDOH8NWJCstKO5QT2CvtFoK6F0saL7p9xHAqHOlCPJygA==}
    engines: {node: '>= 8'}

  supports-preserve-symlinks-flag@1.0.0:
    resolution: {integrity: sha512-ot0WnXS9fgdkgIcePe6RHNk1WA8+muPa6cSjeR3V8K27q9BB1rTE3R1p7Hv0z1ZyAc8s6Vvv8DIyWf681MAt0w==}
    engines: {node: '>= 0.4'}

  tapable@2.2.1:
    resolution: {integrity: sha512-GNzQvQTOIP6RyTfE2Qxb8ZVlNmw0n88vp1szwWRimP02mnTsx3Wtn5qRdqY9w2XduFNUgvOwhNnQsjwCp+kqaQ==}
    engines: {node: '>=6'}

  typescript-to-lua@1.27.0:
    resolution: {integrity: sha512-+J4SMCWxWGCUKqkkoUZVbmfhRO+8rYt5hBIJ/7adD8/Pv0nEIfWBTPirCdzMOoegbi1NB7QsRuUvbbftUVpnLw==}
    engines: {node: '>=16.10.0'}
    hasBin: true
    peerDependencies:
      typescript: 5.6.2

  typescript@5.6.2:
    resolution: {integrity: sha512-NW8ByodCSNCwZeghjN3o+JX5OFH0Ojg6sadjEKY4huZ52TqbJTJnDo5+Tw98lSy63NZvi4n+ez5m2u5d4PkZyw==}
    engines: {node: '>=14.17'}
    hasBin: true

snapshots:

  '@typescript-to-lua/language-extensions@1.19.0': {}

  enhanced-resolve@5.17.1:
    dependencies:
      graceful-fs: 4.2.11
      tapable: 2.2.1

  function-bind@1.1.2: {}

  graceful-fs@4.2.11: {}

  hasown@2.0.2:
    dependencies:
      function-bind: 1.1.2

  is-core-module@2.15.1:
    dependencies:
      hasown: 2.0.2

  love-typescript-definitions@11.5.0: {}

  path-parse@1.0.7: {}

  picomatch@2.3.1: {}

  resolve@1.22.8:
    dependencies:
      is-core-module: 2.15.1
      path-parse: 1.0.7
      supports-preserve-symlinks-flag: 1.0.0

  source-map@0.7.4: {}

  supports-preserve-symlinks-flag@1.0.0: {}

  tapable@2.2.1: {}

  typescript-to-lua@1.27.0(typescript@5.6.2):
    dependencies:
      '@typescript-to-lua/language-extensions': 1.19.0
      enhanced-resolve: 5.17.1
      picomatch: 2.3.1
      resolve: 1.22.8
      source-map: 0.7.4
      typescript: 5.6.2

  typescript@5.6.2: {}
